
Microsoft Visual Studio Solution File, Format Version 12.00
# Visual Studio Version 16
VisualStudioVersion = 16.0.30406.217
MinimumVisualStudioVersion = 10.0.40219.1
Project("{FAE04EC0-301F-11D3-BF4B-00C04F79EFBC}") = "Mmt.Beheer.MVC", "Mmt.Beheer.MVC.csproj", "{C8DCA81E-7C09-4DFD-BC54-C7BE8297C54E}"
EndProject
Global
	GlobalSection(SolutionConfigurationPlatforms) = preSolution
		Debug|Any CPU = Debug|Any CPU
		Release|Any CPU = Release|Any CPU
	EndGlobalSection
	GlobalSection(ProjectConfigurationPlatforms) = postSolution
		{C8DCA81E-7C09-4DFD-BC54-C7BE8297C54E}.Debug|Any CPU.ActiveCfg = Debug|Any CPU
		{C8DCA81E-7C09-4DFD-BC54-C7BE8297C54E}.Debug|Any CPU.Build.0 = Debug|Any CPU
		{C8DCA81E-7C09-4DFD-BC54-C7BE8297C54E}.Release|Any CPU.ActiveCfg = Release|Any CPU
		{C8DCA81E-7C09-4DFD-BC54-C7BE8297C54E}.Release|Any CPU.Build.0 = Release|Any CPU
	EndGlobalSection
	GlobalSection(SolutionProperties) = preSolution
		HideSolutionNode = FALSE
	EndGlobalSection
	GlobalSection(ExtensibilityGlobals) = postSolution
		SolutionGuid = {2E178E4E-5CD8-4198-B637-4E8B4CA8B686}
	EndGlobalSection
EndGlobal
